
Microsoft Visual Studio Solution File, Format Version 12.00
# Visual Studio Version 16
VisualStudioVersion = 16.0.29519.181
MinimumVisualStudioVersion = 10.0.40219.1
Project("{FAE04EC0-301F-11D3-BF4B-00C04F79EFBC}") = "DataLayerCassandra", "DataLayerCassandra\DataLayerCassandra.csproj", "{BA8123FB-ABD5-43C5-93E9-882F8744DC89}"
EndProject
Project("{FAE04EC0-301F-11D3-BF4B-00C04F79EFBC}") = "PickDriveForm", "PickDriveForm\PickDriveForm.csproj", "{3BC851A9-91D8-4574-BCAD-B5BC9FDCDBEF}"
EndProject
Global
	GlobalSection(SolutionConfigurationPlatforms) = preSolution
		Debug|Any CPU = Debug|Any CPU
		Release|Any CPU = Release|Any CPU
	EndGlobalSection
	GlobalSection(ProjectConfigurationPlatforms) = postSolution
		{BA8123FB-ABD5-43C5-93E9-882F8744DC89}.Debug|Any CPU.ActiveCfg = Debug|Any CPU
		{BA8123FB-ABD5-43C5-93E9-882F8744DC89}.Debug|Any CPU.Build.0 = Debug|Any CPU
		{BA8123FB-ABD5-43C5-93E9-882F8744DC89}.Release|Any CPU.ActiveCfg = Release|Any CPU
		{BA8123FB-ABD5-43C5-93E9-882F8744DC89}.Release|Any CPU.Build.0 = Release|Any CPU
		{3BC851A9-91D8-4574-BCAD-B5BC9FDCDBEF}.Debug|Any CPU.ActiveCfg = Debug|Any CPU
		{3BC851A9-91D8-4574-BCAD-B5BC9FDCDBEF}.Debug|Any CPU.Build.0 = Debug|Any CPU
		{3BC851A9-91D8-4574-BCAD-B5BC9FDCDBEF}.Release|Any CPU.ActiveCfg = Release|Any CPU
		{3BC851A9-91D8-4574-BCAD-B5BC9FDCDBEF}.Release|Any CPU.Build.0 = Release|Any CPU
	EndGlobalSection
	GlobalSection(SolutionProperties) = preSolution
		HideSolutionNode = FALSE
	EndGlobalSection
	GlobalSection(ExtensibilityGlobals) = postSolution
		SolutionGuid = {37804796-8609-40ED-8C34-9BC1BB134636}
	EndGlobalSection
EndGlobal
